{
  "name": "myapp",
  "version": "1.0.0",
  "lockfileVersion": 2,
  "requires": true,
  "packages": {
    "": {
      "name": "myapp",
      "version": "1.0.0"
    },
    "node_modules/lodash": {
      "version": "4.17.21",
      "resolved": "https://registry.npmjs.org/lodash/-/lodash-4.17.21.tgz",
      "integrity": "sha512-abc"
    },
    "node_modules/express": {
      "version": "4.18.2",
      "resolved": "https://registry.npmjs.org/express/-/express-4.18.2.tgz",
      "integrity": "sha512-def"
    },
    "node_modules/@corp/internal-lib": {
      "version": "1.2.3",
      "resolved": "https://npm.corp.invalid/@corp/internal-lib/-/internal-lib-1.2.3.tgz",
      "integrity": "sha512-ghi"
    },
    "node_modules/private-utils": {
      "version": "0.5.0",
      "resolved": "https://verdaccio.example.invalid/private-utils/-/private-utils-0.5.0.tgz",
      "integrity": "sha512-jkl"
    }
  }
}
