__metadata:
  version: 6
  cacheKey: 8

"@babel/core@npm:^7.24.0":
  version: 7.24.0
  resolution: "@babel/core@npm:7.24.0"
  checksum: abc123
  languageName: node
  linkType: hard

"eslint@npm:^8.57.0":
  version: 8.57.0
  resolution: "eslint@npm:8.57.0"
  checksum: def456
  languageName: node
  linkType: hard

"lodash@npm:^4.0.0, lodash@npm:^4.17.21":
  version: 4.17.21
  resolution: "lodash@npm:4.17.21"
  checksum: ghi789
  languageName: node
  linkType: hard

"my-app@workspace:.":
  version: 0.0.0-use.local
  resolution: "my-app@workspace:."
  languageName: unknown
  linkType: soft
