# THIS IS AN AUTOGENERATED FILE. DO NOT EDIT THIS FILE DIRECTLY.
# yarn lockfile v1


"@babel/core@^7.24.0":
  version "7.24.0"
  resolved "https://registry.yarnpkg.com/@babel/core/-/@babel/core-7.24.0.tgz#1122334455"
  integrity sha512-abcXYZ

eslint@^8.57.0:
  version "8.57.0"
  resolved "https://registry.yarnpkg.com/eslint/-/eslint-8.57.0.tgz#aabbccdd"
  integrity sha512-dX7PX2O0kMT

internal-lib@^1.0.0:
  version "1.0.0"
  resolved "https://my-company.registry.invalid/internal-lib/-/internal-lib-1.0.0.tgz#deadbeef"
  integrity sha512-private

lodash@^4.0.0, lodash@^4.17.21:
  version "4.17.21"
  resolved "https://registry.yarnpkg.com/lodash/-/lodash-4.17.21.tgz#679591c564c3bffaae8454cf0b3df370c3d6911c"
  integrity sha512-v2kDEe57lecTulD
  dependencies:
    nothing "^1.0.0"
