corp.invalid/secret-pkg v1.0.0 h1:AAAA/BBBB=
corp.invalid/secret-pkg v1.0.0/go.mod h1:CCCC/DDDD=
github.com/gin-gonic/gin v1.9.1 h1:4idEAncQnU5cB7BeOkPtxjfCSye0AAm1R0RVIqJ+Jmg=
github.com/gin-gonic/gin v1.9.1/go.mod h1:hPys6V/FZjTp4brEKi3BcqK33XAWAW3Y+vMRuoQvLd8=
golang.org/x/crypto v0.21.0 h1:X31++rzVUdKhX5sWmSOFZxx8UW/ldWx8S51I/5Zgm38=
golang.org/x/crypto v0.21.0/go.mod h1:T0Zf+0xe53aPXKCbB5QQLAfA/GGjLwE2Um4GM5AsGSo=
