{
  "name": "myapp",
  "version": "1.0.0",
  "lockfileVersion": 1,
  "requires": true,
  "dependencies": {
    "lodash": {
      "version": "4.17.21",
      "resolved": "https://registry.npmjs.org/lodash/-/lodash-4.17.21.tgz",
      "integrity": "sha512-v2kDE..."
    },
    "vite": {
      "version": "5.1.0",
      "resolved": "https://registry.npmjs.org/vite/-/vite-5.1.0.tgz"
    },
    "eslint": {
      "version": "8.57.0",
      "resolved": "https://registry.npmjs.org/eslint/-/eslint-8.57.0.tgz",
      "dev": true
    }
  }
}
