lockfileVersion: 5.4

dependencies:
  lodash: 4.17.21
  vite: 5.1.0

devDependencies:
  eslint: 8.57.0

packages:

  /eslint/8.57.0:
    resolution: {integrity: sha512-dX7PX2O0kMT}
    engines: {node: ^12.22.0 || ^14.17.0 || >=16.0.0}
    dev: true

  /lodash/4.17.21:
    resolution: {integrity: sha512-v2kDEe57lecTulD}
    dev: false

  /vite/5.1.0:
    resolution: {integrity: sha512-BpkY0lXtX}
    engines: {node: ^18.0.0 || >=20.0.0}
    dev: false
